
Microsoft Visual Studio Solution File, Format Version 12.00
Project("{FAE04EC0-301F-11D3-BF4B-00C04F79EFBC}") = "MarketGatewayService", "MarketGatewayService\MarketGatewayService.csproj", "{068A0BA0-2FF2-4228-9919-3F87E441EB6F}"
EndProject
Project("{2150E333-8FDC-42A3-9474-1A3956D46DE8}") = "Solution Items", "Solution Items", "{900F619E-7AE8-4971-BEA8-5988252CE35F}"
	ProjectSection(SolutionItems) = preProject
		CommonItems\AvailableTickers.json = CommonItems\AvailableTickers.json
	EndProjectSection
EndProject
Project("{FAE04EC0-301F-11D3-BF4B-00C04F79EFBC}") = "PriceUpdateHandlerService", "PriceUpdateHandlerService\PriceUpdateHandlerService.csproj", "{D9179339-7A04-4493-ABFA-E79DEFE8A5AE}"
EndProject
Project("{FAE04EC0-301F-11D3-BF4B-00C04F79EFBC}") = "Common", "Common\Common.csproj", "{1AFE8D96-A8C2-4243-A345-D0862F447791}"
EndProject
Global
	GlobalSection(SolutionConfigurationPlatforms) = preSolution
		Debug|Any CPU = Debug|Any CPU
		Release|Any CPU = Release|Any CPU
	EndGlobalSection
	GlobalSection(ProjectConfigurationPlatforms) = postSolution
		{068A0BA0-2FF2-4228-9919-3F87E441EB6F}.Debug|Any CPU.ActiveCfg = Debug|Any CPU
		{068A0BA0-2FF2-4228-9919-3F87E441EB6F}.Debug|Any CPU.Build.0 = Debug|Any CPU
		{068A0BA0-2FF2-4228-9919-3F87E441EB6F}.Release|Any CPU.ActiveCfg = Release|Any CPU
		{068A0BA0-2FF2-4228-9919-3F87E441EB6F}.Release|Any CPU.Build.0 = Release|Any CPU
		{D9179339-7A04-4493-ABFA-E79DEFE8A5AE}.Debug|Any CPU.ActiveCfg = Debug|Any CPU
		{D9179339-7A04-4493-ABFA-E79DEFE8A5AE}.Debug|Any CPU.Build.0 = Debug|Any CPU
		{D9179339-7A04-4493-ABFA-E79DEFE8A5AE}.Release|Any CPU.ActiveCfg = Release|Any CPU
		{D9179339-7A04-4493-ABFA-E79DEFE8A5AE}.Release|Any CPU.Build.0 = Release|Any CPU
		{1AFE8D96-A8C2-4243-A345-D0862F447791}.Debug|Any CPU.ActiveCfg = Debug|Any CPU
		{1AFE8D96-A8C2-4243-A345-D0862F447791}.Debug|Any CPU.Build.0 = Debug|Any CPU
		{1AFE8D96-A8C2-4243-A345-D0862F447791}.Release|Any CPU.ActiveCfg = Release|Any CPU
		{1AFE8D96-A8C2-4243-A345-D0862F447791}.Release|Any CPU.Build.0 = Release|Any CPU
	EndGlobalSection
EndGlobal
